
Microsoft Visual Studio Solution File, Format Version 12.00
# Visual Studio Version 17
VisualStudioVersion = 17.14.36414.22 d17.14
MinimumVisualStudioVersion = 10.0.40219.1
Project("{FAE04EC0-301F-11D3-BF4B-00C04F79EFBC}") = "PartOneSt10456400", "PartOneSt10456400.csproj", "{8EB36209-F2CD-43F4-A425-F1F5EA063129}"
EndProject
Global
	GlobalSection(SolutionConfigurationPlatforms) = preSolution
		Debug|Any CPU = Debug|Any CPU
		Release|Any CPU = Release|Any CPU
	EndGlobalSection
	GlobalSection(ProjectConfigurationPlatforms) = postSolution
		{8EB36209-F2CD-43F4-A425-F1F5EA063129}.Debug|Any CPU.ActiveCfg = Debug|Any CPU
		{8EB36209-F2CD-43F4-A425-F1F5EA063129}.Debug|Any CPU.Build.0 = Debug|Any CPU
		{8EB36209-F2CD-43F4-A425-F1F5EA063129}.Release|Any CPU.ActiveCfg = Release|Any CPU
		{8EB36209-F2CD-43F4-A425-F1F5EA063129}.Release|Any CPU.Build.0 = Release|Any CPU
	EndGlobalSection
	GlobalSection(SolutionProperties) = preSolution
		HideSolutionNode = FALSE
	EndGlobalSection
	GlobalSection(ExtensibilityGlobals) = postSolution
		SolutionGuid = {2E3441EA-98BD-46B8-AAB3-8BC935273BF3}
	EndGlobalSection
EndGlobal
